
Microsoft Visual Studio Solution File, Format Version 12.00
# Visual Studio Version 16
VisualStudioVersion = 16.0.31729.503
MinimumVisualStudioVersion = 10.0.40219.1
Project("{FAE04EC0-301F-11D3-BF4B-00C04F79EFBC}") = "Naprawy_2", "Naprawy_2\Naprawy_2.csproj", "{2C8BA2C5-6528-44DD-A377-C0114388A0E1}"
EndProject
Global
	GlobalSection(SolutionConfigurationPlatforms) = preSolution
		Debug|Any CPU = Debug|Any CPU
		Release|Any CPU = Release|Any CPU
	EndGlobalSection
	GlobalSection(ProjectConfigurationPlatforms) = postSolution
		{2C8BA2C5-6528-44DD-A377-C0114388A0E1}.Debug|Any CPU.ActiveCfg = Debug|Any CPU
		{2C8BA2C5-6528-44DD-A377-C0114388A0E1}.Debug|Any CPU.Build.0 = Debug|Any CPU
		{2C8BA2C5-6528-44DD-A377-C0114388A0E1}.Release|Any CPU.ActiveCfg = Release|Any CPU
		{2C8BA2C5-6528-44DD-A377-C0114388A0E1}.Release|Any CPU.Build.0 = Release|Any CPU
	EndGlobalSection
	GlobalSection(SolutionProperties) = preSolution
		HideSolutionNode = FALSE
	EndGlobalSection
	GlobalSection(ExtensibilityGlobals) = postSolution
		SolutionGuid = {84D4BD9A-30EA-44F7-BC85-BC15BB690E9F}
	EndGlobalSection
EndGlobal
